
Microsoft Visual Studio Solution File, Format Version 12.00
# Visual Studio Version 17
VisualStudioVersion = 17.10.35027.167
MinimumVisualStudioVersion = 10.0.40219.1
Project("{FAE04EC0-301F-11D3-BF4B-00C04F79EFBC}") = "ActividadPractica2", "ActividadPractica2.csproj", "{288AC779-C895-45FB-AB3E-50B12933532E}"
EndProject
Global
	GlobalSection(SolutionConfigurationPlatforms) = preSolution
		Debug|Any CPU = Debug|Any CPU
		Release|Any CPU = Release|Any CPU
	EndGlobalSection
	GlobalSection(ProjectConfigurationPlatforms) = postSolution
		{288AC779-C895-45FB-AB3E-50B12933532E}.Debug|Any CPU.ActiveCfg = Debug|Any CPU
		{288AC779-C895-45FB-AB3E-50B12933532E}.Debug|Any CPU.Build.0 = Debug|Any CPU
		{288AC779-C895-45FB-AB3E-50B12933532E}.Release|Any CPU.ActiveCfg = Release|Any CPU
		{288AC779-C895-45FB-AB3E-50B12933532E}.Release|Any CPU.Build.0 = Release|Any CPU
	EndGlobalSection
	GlobalSection(SolutionProperties) = preSolution
		HideSolutionNode = FALSE
	EndGlobalSection
	GlobalSection(ExtensibilityGlobals) = postSolution
		SolutionGuid = {0607E4F2-244D-436A-AA85-6FB0850339FB}
	EndGlobalSection
EndGlobal
